<?xml version="1.0" encoding="utf-8"?>
<Project ToolsVersion="4.0" xmlns="http://schemas.microsoft.com/developer/msbuild/2003">
  <ItemGroup>
    <Filter Include="Source Files">
      <UniqueIdentifier>{07c3fc40-885c-46f6-9560-eafa8d8c7d22}</UniqueIdentifier>
      <Extensions>cpp;c;cxx;def;odl;idl;hpj;bat;asm</Extensions>
    </Filter>
    <Filter Include="Header Files">
      <UniqueIdentifier>{d2a9cebc-8019-4f31-b51f-fc437213b5f6}</UniqueIdentifier>
      <Extensions>h;hpp;hxx;hm;inl;inc</Extensions>
    </Filter>
    <Filter Include="Resource Files">
      <UniqueIdentifier>{d6299a0b-8a91-42c6-96c5-713dc0e499cd}</UniqueIdentifier>
      <Extensions>rc;ico;cur;bmp;dlg;rc2;rct;bin;rgs;jpg;jpeg;jpe;manifest</Extensions>
    </Filter>
    <Filter Include="Header Files\Model">
      <UniqueIdentifier>{2c2b2d7c-26e8-454c-a31e-6dde14ba9a7b}</UniqueIdentifier>
    </Filter>
    <Filter Include="Header Files\View">
      <UniqueIdentifier>{5c615d58-4a3a-4dac-a551-e320130772ef}</UniqueIdentifier>
    </Filter>
    <Filter Include="Source Files\Model">
      <UniqueIdentifier>{0894ef91-8b37-4182-b986-3c1ac1714af4}</UniqueIdentifier>
    </Filter>
    <Filter Include="Source Files\Control">
      <UniqueIdentifier>{178e9ae2-da7c-4545-aafa-1576d69c26ac}</UniqueIdentifier>
    </Filter>
    <Filter Include="Source Files\View">
      <UniqueIdentifier>{bb04d654-2ac5-45a8-a283-9e348b011eb9}</UniqueIdentifier>
    </Filter>
    <Filter Include="Header Files\Control">
      <UniqueIdentifier>{c79337c8-480c-4252-b081-b95d4847f04a}</UniqueIdentifier>
    </Filter>
    <Filter Include="Source Files\lib">
      <UniqueIdentifier>{f4777c0e-0e27-4719-85c3-559419964940}</UniqueIdentifier>
    </Filter>
    <Filter Include="Header Files\lib">
      <UniqueIdentifier>{2b6c5d2f-afc3-4080-82b3-475108f7207d}</UniqueIdentifier>
    </Filter>
    <Filter Include="Header Files\lib\WTL">
      <UniqueIdentifier>{8b9f974a-fa3b-431d-8607-b9789565568e}</UniqueIdentifier>
    </Filter>
  </ItemGroup>
  <ItemGroup>
    <ClCompile Include="stdafx.cpp">
      <Filter>Source Files</Filter>
    </ClCompile>
    <ClCompile Include="AboutDlg.cpp">
      <Filter>Source Files\View</Filter>
    </ClCompile>
    <ClCompile Include="MainFrm.cpp">
      <Filter>Source Files\View</Filter>
    </ClCompile>
    <ClCompile Include="View.cpp">
      <Filter>Source Files\View</Filter>
    </ClCompile>
    <ClCompile Include="any_log.cpp">
      <Filter>Source Files</Filter>
    </ClCompile>
    <ClCompile Include="format_manage.cpp">
      <Filter>Source Files\Control</Filter>
    </ClCompile>
    <ClCompile Include="tool.cpp">
      <Filter>Source Files\Control</Filter>
    </ClCompile>
    <ClCompile Include="format_dlg.cpp">
      <Filter>Source Files\View</Filter>
    </ClCompile>
    <ClCompile Include="add_format_dlg.cpp">
      <Filter>Source Files\View</Filter>
    </ClCompile>
    <ClCompile Include="log_storage_loop.cpp">
      <Filter>Source Files\Model</Filter>
    </ClCompile>
    <ClCompile Include="log.cpp">
      <Filter>Source Files\Model</Filter>
    </ClCompile>
    <ClCompile Include="loop_filter.cpp">
      <Filter>Source Files\Model</Filter>
    </ClCompile>
    <ClCompile Include="middle_layer.cpp">
      <Filter>Source Files\Control</Filter>
    </ClCompile>
    <ClCompile Include="log_more_info_dlg.cpp">
      <Filter>Source Files\View</Filter>
    </ClCompile>
    <ClCompile Include="filter_data_manage.cpp">
      <Filter>Source Files\Control</Filter>
    </ClCompile>
    <ClCompile Include="search_data_dlg.cpp">
      <Filter>Source Files\View</Filter>
    </ClCompile>
  </ItemGroup>
  <ItemGroup>
    <ClInclude Include="stdafx.h">
      <Filter>Header Files</Filter>
    </ClInclude>
    <ClInclude Include="resource.h">
      <Filter>Header Files</Filter>
    </ClInclude>
    <ClInclude Include="AboutDlg.h">
      <Filter>Header Files\View</Filter>
    </ClInclude>
    <ClInclude Include="MainFrm.h">
      <Filter>Header Files\View</Filter>
    </ClInclude>
    <ClInclude Include="View.h">
      <Filter>Header Files\View</Filter>
    </ClInclude>
    <ClInclude Include="log_format.h">
      <Filter>Header Files\Model</Filter>
    </ClInclude>
    <ClInclude Include="middle_layer.h">
      <Filter>Header Files\Control</Filter>
    </ClInclude>
    <ClInclude Include="sqlite3.h">
      <Filter>Header Files\lib</Filter>
    </ClInclude>
    <ClInclude Include="sqlite3ext.h">
      <Filter>Header Files\lib</Filter>
    </ClInclude>
    <ClInclude Include="log.h">
      <Filter>Header Files\Model</Filter>
    </ClInclude>
    <ClInclude Include="format_manage.h">
      <Filter>Header Files\Control</Filter>
    </ClInclude>
    <ClInclude Include="tool.h">
      <Filter>Header Files\Control</Filter>
    </ClInclude>
    <ClInclude Include="format_dlg.h">
      <Filter>Header Files\View</Filter>
    </ClInclude>
    <ClInclude Include="add_format_dlg.h">
      <Filter>Header Files\View</Filter>
    </ClInclude>
    <ClInclude Include="log_storage_loop.h">
      <Filter>Header Files\Model</Filter>
    </ClInclude>
    <ClInclude Include="loop_filter.h">
      <Filter>Header Files\Model</Filter>
    </ClInclude>
    <ClInclude Include="log_more_info_dlg.h">
      <Filter>Header Files\View</Filter>
    </ClInclude>
    <ClInclude Include="filter_data.h">
      <Filter>Header Files\Model</Filter>
    </ClInclude>
    <ClInclude Include="filter_data_manage.h">
      <Filter>Header Files\Control</Filter>
    </ClInclude>
    <ClInclude Include="lib\atlapp.h">
      <Filter>Header Files\lib\WTL</Filter>
    </ClInclude>
    <ClInclude Include="lib\atlcrack.h">
      <Filter>Header Files\lib\WTL</Filter>
    </ClInclude>
    <ClInclude Include="lib\atlctrls.h">
      <Filter>Header Files\lib\WTL</Filter>
    </ClInclude>
    <ClInclude Include="lib\atlctrlw.h">
      <Filter>Header Files\lib\WTL</Filter>
    </ClInclude>
    <ClInclude Include="lib\atlctrlx.h">
      <Filter>Header Files\lib\WTL</Filter>
    </ClInclude>
    <ClInclude Include="lib\atlddx.h">
      <Filter>Header Files\lib\WTL</Filter>
    </ClInclude>
    <ClInclude Include="lib\atldlgs.h">
      <Filter>Header Files\lib\WTL</Filter>
    </ClInclude>
    <ClInclude Include="lib\atldwm.h">
      <Filter>Header Files\lib\WTL</Filter>
    </ClInclude>
    <ClInclude Include="lib\atlfind.h">
      <Filter>Header Files\lib\WTL</Filter>
    </ClInclude>
    <ClInclude Include="lib\atlframe.h">
      <Filter>Header Files\lib\WTL</Filter>
    </ClInclude>
    <ClInclude Include="lib\atlgdi.h">
      <Filter>Header Files\lib\WTL</Filter>
    </ClInclude>
    <ClInclude Include="lib\atlmisc.h">
      <Filter>Header Files\lib\WTL</Filter>
    </ClInclude>
    <ClInclude Include="lib\atlprint.h">
      <Filter>Header Files\lib\WTL</Filter>
    </ClInclude>
    <ClInclude Include="lib\atlres.h">
      <Filter>Header Files\lib\WTL</Filter>
    </ClInclude>
    <ClInclude Include="lib\atlribbon.h">
      <Filter>Header Files\lib\WTL</Filter>
    </ClInclude>
    <ClInclude Include="lib\atlscrl.h">
      <Filter>Header Files\lib\WTL</Filter>
    </ClInclude>
    <ClInclude Include="lib\atlsplit.h">
      <Filter>Header Files\lib\WTL</Filter>
    </ClInclude>
    <ClInclude Include="lib\atltheme.h">
      <Filter>Header Files\lib\WTL</Filter>
    </ClInclude>
    <ClInclude Include="lib\atluser.h">
      <Filter>Header Files\lib\WTL</Filter>
    </ClInclude>
    <ClInclude Include="lib\atlwinx.h">
      <Filter>Header Files\lib\WTL</Filter>
    </ClInclude>
    <ClInclude Include="search_data_dlg.h">
      <Filter>Header Files\View</Filter>
    </ClInclude>
  </ItemGroup>
  <ItemGroup>
    <ResourceCompile Include="any_log.rc">
      <Filter>Resource Files</Filter>
    </ResourceCompile>
  </ItemGroup>
  <ItemGroup>
    <Image Include="res\toolbar.bmp">
      <Filter>Resource Files</Filter>
    </Image>
    <Image Include="res\any_log.ico">
      <Filter>Resource Files</Filter>
    </Image>
  </ItemGroup>
  <ItemGroup>
    <Library Include="sqlite3.lib">
      <Filter>Source Files\lib</Filter>
    </Library>
  </ItemGroup>
</Project>